{
  "name": "vue-dplayer2",
  "version": "1.0.0",
  "lockfileVersion": 1,
  "requires": true,
  "dependencies": {
    "@babel/code-frame": {
      "version": "7.12.11",
      "resolved": "http://npm.zmops.cc/@babel%2fcode-frame/-/code-frame-7.12.11.tgz",
      "integrity": "sha1-9K1DWqJj25NbjxDyxVLSP7cWpj8=",
      "dev": true,
      "requires": {
        "@babel/highlight": "^7.10.4"
      }
    },
    "@babel/generator": {
      "version": "7.12.11",
      "resolved": "http://npm.zmops.cc/@babel%2fgenerator/-/generator-7.12.11.tgz",
      "integrity": "sha1-mKffe4w1jJo3qweiQFaFMBaro68=",
      "dev": true,
      "requires": {
        "@babel/types": "^7.12.11",
        "jsesc": "^2.5.1",
        "source-map": "^0.5.0"
      }
    },
    "@babel/helper-function-name": {
      "version": "7.12.11",
      "resolved": "http://npm.zmops.cc/@babel%2fhelper-function-name/-/helper-function-name-7.12.11.tgz",
      "integrity": "sha1-H9dziu5dz1PD7P8k8dqcUR7Ee0I=",
      "dev": true,
      "requires": {
        "@babel/helper-get-function-arity": "^7.12.10",
        "@babel/template": "^7.12.7",
        "@babel/types": "^7.12.11"
      }
    },
    "@babel/helper-get-function-arity": {
      "version": "7.12.10",
      "resolved": "http://npm.zmops.cc/@babel%2fhelper-get-function-arity/-/helper-get-function-arity-7.12.10.tgz",
      "integrity": "sha1-sViBejFltfqiBHgl36YZcN3MFs8=",
      "dev": true,
      "requires": {
        "@babel/types": "^7.12.10"
      }
    },
    "@babel/helper-split-export-declaration": {
      "version": "7.12.11",
      "resolved": "http://npm.zmops.cc/@babel%2fhelper-split-export-declaration/-/helper-split-export-declaration-7.12.11.tgz",
      "integrity": "sha1-G0zEJEWGQ8R9NwIiI9oz126kYDo=",
      "dev": true,
      "requires": {
        "@babel/types": "^7.12.11"
      }
    },
    "@babel/helper-validator-identifier": {
      "version": "7.12.11",
      "resolved": "http://npm.zmops.cc/@babel%2fhelper-validator-identifier/-/helper-validator-identifier-7.12.11.tgz",
      "integrity": "sha1-yaHwIZF9y1zPDU5FPjmQIpgfye0=",
      "dev": true
    },
    "@babel/highlight": {
      "version": "7.10.4",
      "resolved": "http://npm.zmops.cc/@babel%2fhighlight/-/highlight-7.10.4.tgz",
      "integrity": "sha1-fRvf1ldTU4+r5sOFls23bZrGAUM=",
      "dev": true,
      "requires": {
        "@babel/helper-validator-identifier": "^7.10.4",
        "chalk": "^2.0.0",
        "js-tokens": "^4.0.0"
      }
    },
    "@babel/parser": {
      "version": "7.12.11",
      "resolved": "http://npm.zmops.cc/@babel%2fparser/-/parser-7.12.11.tgz",
      "integrity": "sha1-nONZW810vFxGaQXobFNbiyUBHnk=",
      "dev": true
    },
    "@babel/template": {
      "version": "7.12.7",
      "resolved": "http://npm.zmops.cc/@babel%2ftemplate/-/template-7.12.7.tgz",
      "integrity": "sha1-yBcjNpYBjjn7tsSR0vtoTgXtQ7w=",
      "dev": true,
      "requires": {
        "@babel/code-frame": "^7.10.4",
        "@babel/parser": "^7.12.7",
        "@babel/types": "^7.12.7"
      }
    },
    "@babel/traverse": {
      "version": "7.12.12",
      "resolved": "http://npm.zmops.cc/@babel%2ftraverse/-/traverse-7.12.12.tgz",
      "integrity": "sha1-0M2HiScE7djaAC1nS8gRzmR0M3Y=",
      "dev": true,
      "requires": {
        "@babel/code-frame": "^7.12.11",
        "@babel/generator": "^7.12.11",
        "@babel/helper-function-name": "^7.12.11",
        "@babel/helper-split-export-declaration": "^7.12.11",
        "@babel/parser": "^7.12.11",
        "@babel/types": "^7.12.12",
        "debug": "^4.1.0",
        "globals": "^11.1.0",
        "lodash": "^4.17.19"
      },
      "dependencies": {
        "debug": {
          "version": "4.3.1",
          "resolved": "http://npm.zmops.cc/debug/-/debug-4.3.1.tgz",
          "integrity": "sha1-8NIpxQXgxtjEmsVT0bE9wYP2su4=",
          "dev": true,
          "requires": {
            "ms": "2.1.2"
          }
        },
        "ms": {
          "version": "2.1.2",
          "resolved": "http://npm.zmops.cc/ms/-/ms-2.1.2.tgz",
          "integrity": "sha1-0J0fNXtEP0kzgqjrPM0YOHKuYAk=",
          "dev": true
        }
      }
    },
    "@babel/types": {
      "version": "7.12.12",
      "resolved": "http://npm.zmops.cc/@babel%2ftypes/-/types-7.12.12.tgz",
      "integrity": "sha1-Rgim7DE6u9h6+lUATTc60EqWwpk=",
      "dev": true,
      "requires": {
        "@babel/helper-validator-identifier": "^7.12.11",
        "lodash": "^4.17.19",
        "to-fast-properties": "^2.0.0"
      }
    },
    "@eslint/eslintrc": {
      "version": "0.2.2",
      "resolved": "http://npm.zmops.cc/@eslint%2feslintrc/-/eslintrc-0.2.2.tgz",
      "integrity": "sha1-0B/HkeL8M+iKKdbz3H6T0M14S3Y=",
      "dev": true,
      "requires": {
        "ajv": "^6.12.4",
        "debug": "^4.1.1",
        "espree": "^7.3.0",
        "globals": "^12.1.0",
        "ignore": "^4.0.6",
        "import-fresh": "^3.2.1",
        "js-yaml": "^3.13.1",
        "lodash": "^4.17.19",
        "minimatch": "^3.0.4",
        "strip-json-comments": "^3.1.1"
      },
      "dependencies": {
        "debug": {
          "version": "4.3.1",
          "resolved": "http://npm.zmops.cc/debug/-/debug-4.3.1.tgz",
          "integrity": "sha1-8NIpxQXgxtjEmsVT0bE9wYP2su4=",
          "dev": true,
          "requires": {
            "ms": "2.1.2"
          }
        },
        "globals": {
          "version": "12.4.0",
          "resolved": "http://npm.zmops.cc/globals/-/globals-12.4.0.tgz",
          "integrity": "sha1-oYgTV2pBsAokqX5/gVkYwuGZJfg=",
          "dev": true,
          "requires": {
            "type-fest": "^0.8.1"
          }
        },
        "ms": {
          "version": "2.1.2",
          "resolved": "http://npm.zmops.cc/ms/-/ms-2.1.2.tgz",
          "integrity": "sha1-0J0fNXtEP0kzgqjrPM0YOHKuYAk=",
          "dev": true
        }
      }
    },
    "@types/dplayer": {
      "version": "1.25.0",
      "resolved": "http://npm.zmops.cc/@types%2fdplayer/-/dplayer-1.25.0.tgz",
      "integrity": "sha1-VLTqhMGqBcykgDCIt0wsPic8rGs="
    },
    "@types/eslint": {
      "version": "7.2.6",
      "resolved": "http://npm.zmops.cc/@types%2feslint/-/eslint-7.2.6.tgz",
      "integrity": "sha1-Xpr/VVqXVZbAOpi1ns0QPezHDDw=",
      "dev": true,
      "requires": {
        "@types/estree": "*",
        "@types/json-schema": "*"
      }
    },
    "@types/estree": {
      "version": "0.0.45",
      "resolved": "http://npm.zmops.cc/@types%2festree/-/estree-0.0.45.tgz",
      "integrity": "sha1-6Th1cpmOXs2sIhlQ2rPow7Fq+IQ=",
      "dev": true
    },
    "@types/hls.js": {
      "version": "0.13.3",
      "resolved": "http://npm.zmops.cc/@types%2fhls.js/-/hls.js-0.13.3.tgz",
      "integrity": "sha1-65gqhmEldF6t7kaMmJ/J4YnyQBk="
    },
    "@types/json-schema": {
      "version": "7.0.6",
      "resolved": "http://npm.zmops.cc/@types%2fjson-schema/-/json-schema-7.0.6.tgz",
      "integrity": "sha1-9MfsQ+gbMZqYFRFQMXCfJph4kfA=",
      "dev": true
    },
    "acorn": {
      "version": "7.4.1",
      "resolved": "http://npm.zmops.cc/acorn/-/acorn-7.4.1.tgz",
      "integrity": "sha1-/q7SVZc9LndVW4PbwIhRpsY1IPo=",
      "dev": true
    },
    "acorn-jsx": {
      "version": "5.3.1",
      "resolved": "http://npm.zmops.cc/acorn-jsx/-/acorn-jsx-5.3.1.tgz",
      "integrity": "sha1-/IZh4Rt6wVOcR9v+oucrOvNNJns=",
      "dev": true
    },
    "ajv": {
      "version": "6.12.6",
      "resolved": "http://npm.zmops.cc/ajv/-/ajv-6.12.6.tgz",
      "integrity": "sha1-uvWmLoArB9l3A0WG+MO69a3ybfQ=",
      "dev": true,
      "requires": {
        "fast-deep-equal": "^3.1.1",
        "fast-json-stable-stringify": "^2.0.0",
        "json-schema-traverse": "^0.4.1",
        "uri-js": "^4.2.2"
      }
    },
    "ansi-colors": {
      "version": "4.1.1",
      "resolved": "http://npm.zmops.cc/ansi-colors/-/ansi-colors-4.1.1.tgz",
      "integrity": "sha1-y7muJWv3UK8eqzRPIpqif+lLo0g=",
      "dev": true
    },
    "ansi-regex": {
      "version": "5.0.0",
      "resolved": "http://npm.zmops.cc/ansi-regex/-/ansi-regex-5.0.0.tgz",
      "integrity": "sha1-OIU59VF5vzkznIGvMKZU1p+Hy3U=",
      "dev": true
    },
    "ansi-styles": {
      "version": "3.2.1",
      "resolved": "http://npm.zmops.cc/ansi-styles/-/ansi-styles-3.2.1.tgz",
      "integrity": "sha1-QfuyAkPlCxK+DwS43tvwdSDOhB0=",
      "dev": true,
      "requires": {
        "color-convert": "^1.9.0"
      }
    },
    "argparse": {
      "version": "1.0.10",
      "resolved": "http://npm.zmops.cc/argparse/-/argparse-1.0.10.tgz",
      "integrity": "sha1-vNZ5HqWuCXJeF+WtmIE0zUCz2RE=",
      "dev": true,
      "requires": {
        "sprintf-js": "~1.0.2"
      }
    },
    "astral-regex": {
      "version": "2.0.0",
      "resolved": "http://npm.zmops.cc/astral-regex/-/astral-regex-2.0.0.tgz",
      "integrity": "sha1-SDFDxWeu7UeFdZwIZXhtx319LjE=",
      "dev": true
    },
    "axios": {
      "version": "0.19.2",
      "resolved": "http://npm.zmops.cc/axios/-/axios-0.19.2.tgz",
      "integrity": "sha1-PqNsXYgY0NX4qKl6bTa4bNwAyyc=",
      "requires": {
        "follow-redirects": "1.5.10"
      }
    },
    "babel-eslint": {
      "version": "10.1.0",
      "resolved": "http://npm.zmops.cc/babel-eslint/-/babel-eslint-10.1.0.tgz",
      "integrity": "sha1-aWjlaKkQt4+zd5zdi2rC9HmUMjI=",
      "dev": true,
      "requires": {
        "@babel/code-frame": "^7.0.0",
        "@babel/parser": "^7.7.0",
        "@babel/traverse": "^7.7.0",
        "@babel/types": "^7.7.0",
        "eslint-visitor-keys": "^1.0.0",
        "resolve": "^1.12.0"
      }
    },
    "balanced-match": {
      "version": "1.0.0",
      "resolved": "http://npm.zmops.cc/balanced-match/-/balanced-match-1.0.0.tgz",
      "integrity": "sha1-ibTRmasr7kneFk6gK4nORi1xt2c=",
      "dev": true
    },
    "balloon-css": {
      "version": "1.2.0",
      "resolved": "http://npm.zmops.cc/balloon-css/-/balloon-css-1.2.0.tgz",
      "integrity": "sha1-U9P7QFEmSieKWHE77WhlhF28r0s="
    },
    "brace-expansion": {
      "version": "1.1.11",
      "resolved": "http://npm.zmops.cc/brace-expansion/-/brace-expansion-1.1.11.tgz",
      "integrity": "sha1-PH/L9SnYcibz0vUrlm/1Jx60Qd0=",
      "dev": true,
      "requires": {
        "balanced-match": "^1.0.0",
        "concat-map": "0.0.1"
      }
    },
    "callsites": {
      "version": "3.1.0",
      "resolved": "http://npm.zmops.cc/callsites/-/callsites-3.1.0.tgz",
      "integrity": "sha1-s2MKvYlDQy9Us/BRkjjjPNffL3M=",
      "dev": true
    },
    "chalk": {
      "version": "2.4.2",
      "resolved": "http://npm.zmops.cc/chalk/-/chalk-2.4.2.tgz",
      "integrity": "sha1-zUJUFnelQzPPVBpJEIwUMrRMlCQ=",
      "dev": true,
      "requires": {
        "ansi-styles": "^3.2.1",
        "escape-string-regexp": "^1.0.5",
        "supports-color": "^5.3.0"
      }
    },
    "color-convert": {
      "version": "1.9.3",
      "resolved": "http://npm.zmops.cc/color-convert/-/color-convert-1.9.3.tgz",
      "integrity": "sha1-u3GFBpDh8TZWfeYp0tVHHe2kweg=",
      "dev": true,
      "requires": {
        "color-name": "1.1.3"
      }
    },
    "color-name": {
      "version": "1.1.3",
      "resolved": "http://npm.zmops.cc/color-name/-/color-name-1.1.3.tgz",
      "integrity": "sha1-p9BVi9icQveV3UIyj3QIMcpTvCU=",
      "dev": true
    },
    "concat-map": {
      "version": "0.0.1",
      "resolved": "http://npm.zmops.cc/concat-map/-/concat-map-0.0.1.tgz",
      "integrity": "sha1-2Klr13/Wjfd5OnMDajug1UBdR3s=",
      "dev": true
    },
    "cross-spawn": {
      "version": "7.0.3",
      "resolved": "http://npm.zmops.cc/cross-spawn/-/cross-spawn-7.0.3.tgz",
      "integrity": "sha1-9zqFudXUHQRVUcF34ogtSshXKKY=",
      "dev": true,
      "requires": {
        "path-key": "^3.1.0",
        "shebang-command": "^2.0.0",
        "which": "^2.0.1"
      }
    },
    "debug": {
      "version": "3.1.0",
      "resolved": "http://npm.zmops.cc/debug/-/debug-3.1.0.tgz",
      "integrity": "sha1-W7WgZyYotkFJVmuhaBnmFRjGcmE=",
      "requires": {
        "ms": "2.0.0"
      }
    },
    "deep-is": {
      "version": "0.1.3",
      "resolved": "http://npm.zmops.cc/deep-is/-/deep-is-0.1.3.tgz",
      "integrity": "sha1-s2nW+128E+7PUk+RsHD+7cNXzzQ=",
      "dev": true
    },
    "doctrine": {
      "version": "3.0.0",
      "resolved": "http://npm.zmops.cc/doctrine/-/doctrine-3.0.0.tgz",
      "integrity": "sha1-rd6+rXKmV023g2OdyHoSF3OXOWE=",
      "dev": true,
      "requires": {
        "esutils": "^2.0.2"
      }
    },
    "dplayer": {
      "version": "1.26.0",
      "resolved": "http://npm.zmops.cc/dplayer/-/dplayer-1.26.0.tgz",
      "integrity": "sha1-02YgCxlivQnpEiYGbyqt6m81xxs=",
      "requires": {
        "axios": "0.19.2",
        "balloon-css": "^1.0.3",
        "promise-polyfill": "8.1.3"
      }
    },
    "emoji-regex": {
      "version": "8.0.0",
      "resolved": "http://npm.zmops.cc/emoji-regex/-/emoji-regex-8.0.0.tgz",
      "integrity": "sha1-6Bj9ac5cz8tARZT4QpY79TFkzDc=",
      "dev": true
    },
    "enquirer": {
      "version": "2.3.6",
      "resolved": "http://npm.zmops.cc/enquirer/-/enquirer-2.3.6.tgz",
      "integrity": "sha1-Kn/l3WNKHkElqXXsmU/1RW3Dc00=",
      "dev": true,
      "requires": {
        "ansi-colors": "^4.1.1"
      }
    },
    "es6-promise": {
      "version": "4.2.8",
      "resolved": "http://npm.zmops.cc/es6-promise/-/es6-promise-4.2.8.tgz",
      "integrity": "sha1-TrIVlMlyvEBVPSduUQU5FD21Pgo="
    },
    "escape-string-regexp": {
      "version": "1.0.5",
      "resolved": "http://npm.zmops.cc/escape-string-regexp/-/escape-string-regexp-1.0.5.tgz",
      "integrity": "sha1-G2HAViGQqN/2rjuyzwIAyhMLhtQ=",
      "dev": true
    },
    "eslint": {
      "version": "7.17.0",
      "resolved": "http://npm.zmops.cc/eslint/-/eslint-7.17.0.tgz",
      "integrity": "sha1-TM2lvxJXKtO/dg5vGViG9QVprbA=",
      "dev": true,
      "requires": {
        "@babel/code-frame": "^7.0.0",
        "@eslint/eslintrc": "^0.2.2",
        "ajv": "^6.10.0",
        "chalk": "^4.0.0",
        "cross-spawn": "^7.0.2",
        "debug": "^4.0.1",
        "doctrine": "^3.0.0",
        "enquirer": "^2.3.5",
        "eslint-scope": "^5.1.1",
        "eslint-utils": "^2.1.0",
        "eslint-visitor-keys": "^2.0.0",
        "espree": "^7.3.1",
        "esquery": "^1.2.0",
        "esutils": "^2.0.2",
        "file-entry-cache": "^6.0.0",
        "functional-red-black-tree": "^1.0.1",
        "glob-parent": "^5.0.0",
        "globals": "^12.1.0",
        "ignore": "^4.0.6",
        "import-fresh": "^3.0.0",
        "imurmurhash": "^0.1.4",
        "is-glob": "^4.0.0",
        "js-yaml": "^3.13.1",
        "json-stable-stringify-without-jsonify": "^1.0.1",
        "levn": "^0.4.1",
        "lodash": "^4.17.19",
        "minimatch": "^3.0.4",
        "natural-compare": "^1.4.0",
        "optionator": "^0.9.1",
        "progress": "^2.0.0",
        "regexpp": "^3.1.0",
        "semver": "^7.2.1",
        "strip-ansi": "^6.0.0",
        "strip-json-comments": "^3.1.0",
        "table": "^6.0.4",
        "text-table": "^0.2.0",
        "v8-compile-cache": "^2.0.3"
      },
      "dependencies": {
        "ansi-styles": {
          "version": "4.3.0",
          "resolved": "http://npm.zmops.cc/ansi-styles/-/ansi-styles-4.3.0.tgz",
          "integrity": "sha1-7dgDYornHATIWuegkG7a00tkiTc=",
          "dev": true,
          "requires": {
            "color-convert": "^2.0.1"
          }
        },
        "chalk": {
          "version": "4.1.0",
          "resolved": "http://npm.zmops.cc/chalk/-/chalk-4.1.0.tgz",
          "integrity": "sha1-ThSHCmGNni7dl92DRf2dncMVZGo=",
          "dev": true,
          "requires": {
            "ansi-styles": "^4.1.0",
            "supports-color": "^7.1.0"
          }
        },
        "color-convert": {
          "version": "2.0.1",
          "resolved": "http://npm.zmops.cc/color-convert/-/color-convert-2.0.1.tgz",
          "integrity": "sha1-ctOmjVmMm9s68q0ehPIdiWq9TeM=",
          "dev": true,
          "requires": {
            "color-name": "~1.1.4"
          }
        },
        "color-name": {
          "version": "1.1.4",
          "resolved": "http://npm.zmops.cc/color-name/-/color-name-1.1.4.tgz",
          "integrity": "sha1-wqCah6y95pVD3m9j+jmVyCbFNqI=",
          "dev": true
        },
        "debug": {
          "version": "4.3.1",
          "resolved": "http://npm.zmops.cc/debug/-/debug-4.3.1.tgz",
          "integrity": "sha1-8NIpxQXgxtjEmsVT0bE9wYP2su4=",
          "dev": true,
          "requires": {
            "ms": "2.1.2"
          }
        },
        "eslint-visitor-keys": {
          "version": "2.0.0",
          "resolved": "http://npm.zmops.cc/eslint-visitor-keys/-/eslint-visitor-keys-2.0.0.tgz",
          "integrity": "sha1-If3I+82ceVzAMh8FY3AglXUVEag=",
          "dev": true
        },
        "globals": {
          "version": "12.4.0",
          "resolved": "http://npm.zmops.cc/globals/-/globals-12.4.0.tgz",
          "integrity": "sha1-oYgTV2pBsAokqX5/gVkYwuGZJfg=",
          "dev": true,
          "requires": {
            "type-fest": "^0.8.1"
          }
        },
        "has-flag": {
          "version": "4.0.0",
          "resolved": "http://npm.zmops.cc/has-flag/-/has-flag-4.0.0.tgz",
          "integrity": "sha1-lEdx/ZyByBJlxNaUGGDaBrtZR5s=",
          "dev": true
        },
        "ms": {
          "version": "2.1.2",
          "resolved": "http://npm.zmops.cc/ms/-/ms-2.1.2.tgz",
          "integrity": "sha1-0J0fNXtEP0kzgqjrPM0YOHKuYAk=",
          "dev": true
        },
        "supports-color": {
          "version": "7.2.0",
          "resolved": "http://npm.zmops.cc/supports-color/-/supports-color-7.2.0.tgz",
          "integrity": "sha1-G33NyzK4E4gBs+R4umpRyqiWSNo=",
          "dev": true,
          "requires": {
            "has-flag": "^4.0.0"
          }
        }
      }
    },
    "eslint-scope": {
      "version": "5.1.1",
      "resolved": "http://npm.zmops.cc/eslint-scope/-/eslint-scope-5.1.1.tgz",
      "integrity": "sha1-54blmmbLkrP2wfsNUIqrF0hI9Iw=",
      "dev": true,
      "requires": {
        "esrecurse": "^4.3.0",
        "estraverse": "^4.1.1"
      }
    },
    "eslint-utils": {
      "version": "2.1.0",
      "resolved": "http://npm.zmops.cc/eslint-utils/-/eslint-utils-2.1.0.tgz",
      "integrity": "sha1-0t5eA0JOcH3BDHQGjd7a5wh0Gyc=",
      "dev": true,
      "requires": {
        "eslint-visitor-keys": "^1.1.0"
      }
    },
    "eslint-visitor-keys": {
      "version": "1.3.0",
      "resolved": "http://npm.zmops.cc/eslint-visitor-keys/-/eslint-visitor-keys-1.3.0.tgz",
      "integrity": "sha1-MOvR73wv3/AcOk8VEESvJfqwUj4=",
      "dev": true
    },
    "espree": {
      "version": "7.3.1",
      "resolved": "http://npm.zmops.cc/espree/-/espree-7.3.1.tgz",
      "integrity": "sha1-8t8zC3Usb1UBn4vYm3ZgA5wbu7Y=",
      "dev": true,
      "requires": {
        "acorn": "^7.4.0",
        "acorn-jsx": "^5.3.1",
        "eslint-visitor-keys": "^1.3.0"
      }
    },
    "esprima": {
      "version": "4.0.1",
      "resolved": "http://npm.zmops.cc/esprima/-/esprima-4.0.1.tgz",
      "integrity": "sha1-E7BM2z5sXRnfkatph6hpVhmwqnE=",
      "dev": true
    },
    "esquery": {
      "version": "1.3.1",
      "resolved": "http://npm.zmops.cc/esquery/-/esquery-1.3.1.tgz",
      "integrity": "sha1-t4tYKKqOIU4p+3TE1bdS4cAz2lc=",
      "dev": true,
      "requires": {
        "estraverse": "^5.1.0"
      },
      "dependencies": {
        "estraverse": {
          "version": "5.2.0",
          "resolved": "http://npm.zmops.cc/estraverse/-/estraverse-5.2.0.tgz",
          "integrity": "sha1-MH30JUfmzHMk088DwVXVzbjFOIA=",
          "dev": true
        }
      }
    },
    "esrecurse": {
      "version": "4.3.0",
      "resolved": "http://npm.zmops.cc/esrecurse/-/esrecurse-4.3.0.tgz",
      "integrity": "sha1-eteWTWeauyi+5yzsY3WLHF0smSE=",
      "dev": true,
      "requires": {
        "estraverse": "^5.2.0"
      },
      "dependencies": {
        "estraverse": {
          "version": "5.2.0",
          "resolved": "http://npm.zmops.cc/estraverse/-/estraverse-5.2.0.tgz",
          "integrity": "sha1-MH30JUfmzHMk088DwVXVzbjFOIA=",
          "dev": true
        }
      }
    },
    "estraverse": {
      "version": "4.3.0",
      "resolved": "http://npm.zmops.cc/estraverse/-/estraverse-4.3.0.tgz",
      "integrity": "sha1-OYrT88WiSUi+dyXoPRGn3ijNvR0=",
      "dev": true
    },
    "esutils": {
      "version": "2.0.3",
      "resolved": "http://npm.zmops.cc/esutils/-/esutils-2.0.3.tgz",
      "integrity": "sha1-dNLrTeC42hKTcRkQ1Qd1ubcQ72Q=",
      "dev": true
    },
    "eventemitter3": {
      "version": "4.0.7",
      "resolved": "http://npm.zmops.cc/eventemitter3/-/eventemitter3-4.0.7.tgz",
      "integrity": "sha1-Lem2j2Uo1WRO9cWVJqG0oHMGFp8="
    },
    "fast-deep-equal": {
      "version": "3.1.3",
      "resolved": "http://npm.zmops.cc/fast-deep-equal/-/fast-deep-equal-3.1.3.tgz",
      "integrity": "sha1-On1WtVnWy8PrUSMlJE5hmmXGxSU=",
      "dev": true
    },
    "fast-json-stable-stringify": {
      "version": "2.1.0",
      "resolved": "http://npm.zmops.cc/fast-json-stable-stringify/-/fast-json-stable-stringify-2.1.0.tgz",
      "integrity": "sha1-h0v2nG9ATCtdmcSBNBOZ/VWJJjM=",
      "dev": true
    },
    "fast-levenshtein": {
      "version": "2.0.6",
      "resolved": "http://npm.zmops.cc/fast-levenshtein/-/fast-levenshtein-2.0.6.tgz",
      "integrity": "sha1-PYpcZog6FqMMqGQ+hR8Zuqd5eRc=",
      "dev": true
    },
    "file-entry-cache": {
      "version": "6.0.0",
      "resolved": "http://npm.zmops.cc/file-entry-cache/-/file-entry-cache-6.0.0.tgz",
      "integrity": "sha1-eSGonDkcbZPv7CFprGvzAMUn6go=",
      "dev": true,
      "requires": {
        "flat-cache": "^3.0.4"
      }
    },
    "flat-cache": {
      "version": "3.0.4",
      "resolved": "http://npm.zmops.cc/flat-cache/-/flat-cache-3.0.4.tgz",
      "integrity": "sha1-YbAzgwKy/p+Vfcwy/CqH8cMEixE=",
      "dev": true,
      "requires": {
        "flatted": "^3.1.0",
        "rimraf": "^3.0.2"
      }
    },
    "flatted": {
      "version": "3.1.0",
      "resolved": "http://npm.zmops.cc/flatted/-/flatted-3.1.0.tgz",
      "integrity": "sha1-pdBrSosB46Y3cdqly3oZA+LlcGc=",
      "dev": true
    },
    "flv.js": {
      "version": "1.5.0",
      "resolved": "http://npm.zmops.cc/flv.js/-/flv.js-1.5.0.tgz",
      "integrity": "sha1-+lm+1DkdcENc+odArEDsAHDvmK4=",
      "requires": {
        "es6-promise": "^4.2.5",
        "webworkify": "^1.5.0"
      }
    },
    "follow-redirects": {
      "version": "1.5.10",
      "resolved": "http://npm.zmops.cc/follow-redirects/-/follow-redirects-1.5.10.tgz",
      "integrity": "sha1-e3qfmuov3/NnhqlP9kPtB/T/Xio=",
      "requires": {
        "debug": "=3.1.0"
      }
    },
    "fs.realpath": {
      "version": "1.0.0",
      "resolved": "http://npm.zmops.cc/fs.realpath/-/fs.realpath-1.0.0.tgz",
      "integrity": "sha1-FQStJSMVjKpA20onh8sBQRmU6k8=",
      "dev": true
    },
    "function-bind": {
      "version": "1.1.1",
      "resolved": "http://npm.zmops.cc/function-bind/-/function-bind-1.1.1.tgz",
      "integrity": "sha1-pWiZ0+o8m6uHS7l3O3xe3pL0iV0=",
      "dev": true
    },
    "functional-red-black-tree": {
      "version": "1.0.1",
      "resolved": "http://npm.zmops.cc/functional-red-black-tree/-/functional-red-black-tree-1.0.1.tgz",
      "integrity": "sha1-GwqzvVU7Kg1jmdKcDj6gslIHgyc=",
      "dev": true
    },
    "glob": {
      "version": "7.1.6",
      "resolved": "http://npm.zmops.cc/glob/-/glob-7.1.6.tgz",
      "integrity": "sha1-FB8zuBp8JJLhJVlDB0gMRmeSeKY=",
      "dev": true,
      "requires": {
        "fs.realpath": "^1.0.0",
        "inflight": "^1.0.4",
        "inherits": "2",
        "minimatch": "^3.0.4",
        "once": "^1.3.0",
        "path-is-absolute": "^1.0.0"
      }
    },
    "glob-parent": {
      "version": "5.1.1",
      "resolved": "http://npm.zmops.cc/glob-parent/-/glob-parent-5.1.1.tgz",
      "integrity": "sha1-tsHvQXxOVmPqSY8cRa+saRa7wik=",
      "dev": true,
      "requires": {
        "is-glob": "^4.0.1"
      }
    },
    "globals": {
      "version": "11.12.0",
      "resolved": "http://npm.zmops.cc/globals/-/globals-11.12.0.tgz",
      "integrity": "sha1-q4eVM4hooLq9hSV1gBjCp+uVxC4=",
      "dev": true
    },
    "has": {
      "version": "1.0.3",
      "resolved": "http://npm.zmops.cc/has/-/has-1.0.3.tgz",
      "integrity": "sha1-ci18v8H2qoJB8W3YFOAR4fQeh5Y=",
      "dev": true,
      "requires": {
        "function-bind": "^1.1.1"
      }
    },
    "has-flag": {
      "version": "3.0.0",
      "resolved": "http://npm.zmops.cc/has-flag/-/has-flag-3.0.0.tgz",
      "integrity": "sha1-tdRU3CGZriJWmfNGfloH87lVuv0=",
      "dev": true
    },
    "hls.js": {
      "version": "0.14.17",
      "resolved": "http://npm.zmops.cc/hls.js/-/hls.js-0.14.17.tgz",
      "integrity": "sha1-ASfP8uwvmUpU65Vf5mnvYVOo4xc=",
      "requires": {
        "eventemitter3": "^4.0.3",
        "url-toolkit": "^2.1.6"
      }
    },
    "ignore": {
      "version": "4.0.6",
      "resolved": "http://npm.zmops.cc/ignore/-/ignore-4.0.6.tgz",
      "integrity": "sha1-dQ49tYYgh7RzfrrIIH/9HvJ7Jfw=",
      "dev": true
    },
    "import-fresh": {
      "version": "3.3.0",
      "resolved": "http://npm.zmops.cc/import-fresh/-/import-fresh-3.3.0.tgz",
      "integrity": "sha1-NxYsJfy566oublPVtNiM4X2eDCs=",
      "dev": true,
      "requires": {
        "parent-module": "^1.0.0",
        "resolve-from": "^4.0.0"
      }
    },
    "imurmurhash": {
      "version": "0.1.4",
      "resolved": "http://npm.zmops.cc/imurmurhash/-/imurmurhash-0.1.4.tgz",
      "integrity": "sha1-khi5srkoojixPcT7a21XbyMUU+o=",
      "dev": true
    },
    "inflight": {
      "version": "1.0.6",
      "resolved": "http://npm.zmops.cc/inflight/-/inflight-1.0.6.tgz",
      "integrity": "sha1-Sb1jMdfQLQwJvJEKEHW6gWW1bfk=",
      "dev": true,
      "requires": {
        "once": "^1.3.0",
        "wrappy": "1"
      }
    },
    "inherits": {
      "version": "2.0.4",
      "resolved": "http://npm.zmops.cc/inherits/-/inherits-2.0.4.tgz",
      "integrity": "sha1-D6LGT5MpF8NDOg3tVTY6rjdBa3w=",
      "dev": true
    },
    "is-core-module": {
      "version": "2.2.0",
      "resolved": "http://npm.zmops.cc/is-core-module/-/is-core-module-2.2.0.tgz",
      "integrity": "sha1-lwN+89UiJNhRY/VZeytj2a/tmBo=",
      "dev": true,
      "requires": {
        "has": "^1.0.3"
      }
    },
    "is-extglob": {
      "version": "2.1.1",
      "resolved": "http://npm.zmops.cc/is-extglob/-/is-extglob-2.1.1.tgz",
      "integrity": "sha1-qIwCU1eR8C7TfHahueqXc8gz+MI=",
      "dev": true
    },
    "is-fullwidth-code-point": {
      "version": "3.0.0",
      "resolved": "http://npm.zmops.cc/is-fullwidth-code-point/-/is-fullwidth-code-point-3.0.0.tgz",
      "integrity": "sha1-8Rb4Bk/pCz94RKOJl8C3UFEmnx0=",
      "dev": true
    },
    "is-glob": {
      "version": "4.0.1",
      "resolved": "http://npm.zmops.cc/is-glob/-/is-glob-4.0.1.tgz",
      "integrity": "sha1-dWfb6fL14kZ7x3q4PEopSCQHpdw=",
      "dev": true,
      "requires": {
        "is-extglob": "^2.1.1"
      }
    },
    "isexe": {
      "version": "2.0.0",
      "resolved": "http://npm.zmops.cc/isexe/-/isexe-2.0.0.tgz",
      "integrity": "sha1-6PvzdNxVb/iUehDcsFctYz8s+hA=",
      "dev": true
    },
    "js-tokens": {
      "version": "4.0.0",
      "resolved": "http://npm.zmops.cc/js-tokens/-/js-tokens-4.0.0.tgz",
      "integrity": "sha1-GSA/tZmR35jjoocFDUZHzerzJJk=",
      "dev": true
    },
    "js-yaml": {
      "version": "3.14.1",
      "resolved": "http://npm.zmops.cc/js-yaml/-/js-yaml-3.14.1.tgz",
      "integrity": "sha1-2ugS/bOCX6MGYJqHFzg8UMNqBTc=",
      "dev": true,
      "requires": {
        "argparse": "^1.0.7",
        "esprima": "^4.0.0"
      }
    },
    "jsesc": {
      "version": "2.5.2",
      "resolved": "http://npm.zmops.cc/jsesc/-/jsesc-2.5.2.tgz",
      "integrity": "sha1-gFZNLkg9rPbo7yCWUKZ98/DCg6Q=",
      "dev": true
    },
    "json-schema-traverse": {
      "version": "0.4.1",
      "resolved": "http://npm.zmops.cc/json-schema-traverse/-/json-schema-traverse-0.4.1.tgz",
      "integrity": "sha1-afaofZUTq4u4/mO9sJecRI5oRmA=",
      "dev": true
    },
    "json-stable-stringify-without-jsonify": {
      "version": "1.0.1",
      "resolved": "http://npm.zmops.cc/json-stable-stringify-without-jsonify/-/json-stable-stringify-without-jsonify-1.0.1.tgz",
      "integrity": "sha1-nbe1lJatPzz+8wp1FC0tkwrXJlE=",
      "dev": true
    },
    "levn": {
      "version": "0.4.1",
      "resolved": "http://npm.zmops.cc/levn/-/levn-0.4.1.tgz",
      "integrity": "sha1-rkViwAdHO5MqYgDUAyaN0v/8at4=",
      "dev": true,
      "requires": {
        "prelude-ls": "^1.2.1",
        "type-check": "~0.4.0"
      }
    },
    "lodash": {
      "version": "4.17.20",
      "resolved": "http://npm.zmops.cc/lodash/-/lodash-4.17.20.tgz",
      "integrity": "sha1-tEqbYpe8tpjxxRo1RaKzs2jVnFI=",
      "dev": true
    },
    "lru-cache": {
      "version": "6.0.0",
      "resolved": "http://npm.zmops.cc/lru-cache/-/lru-cache-6.0.0.tgz",
      "integrity": "sha1-bW/mVw69lqr5D8rR2vo7JWbbOpQ=",
      "dev": true,
      "requires": {
        "yallist": "^4.0.0"
      }
    },
    "minimatch": {
      "version": "3.0.4",
      "resolved": "http://npm.zmops.cc/minimatch/-/minimatch-3.0.4.tgz",
      "integrity": "sha1-UWbihkV/AzBgZL5Ul+jbsMPTIIM=",
      "dev": true,
      "requires": {
        "brace-expansion": "^1.1.7"
      }
    },
    "ms": {
      "version": "2.0.0",
      "resolved": "http://npm.zmops.cc/ms/-/ms-2.0.0.tgz",
      "integrity": "sha1-VgiurfwAvmwpAd9fmGF4jeDVl8g="
    },
    "natural-compare": {
      "version": "1.4.0",
      "resolved": "http://npm.zmops.cc/natural-compare/-/natural-compare-1.4.0.tgz",
      "integrity": "sha1-Sr6/7tdUHywnrPspvbvRXI1bpPc=",
      "dev": true
    },
    "once": {
      "version": "1.4.0",
      "resolved": "http://npm.zmops.cc/once/-/once-1.4.0.tgz",
      "integrity": "sha1-WDsap3WWHUsROsF9nFC6753Xa9E=",
      "dev": true,
      "requires": {
        "wrappy": "1"
      }
    },
    "optionator": {
      "version": "0.9.1",
      "resolved": "http://npm.zmops.cc/optionator/-/optionator-0.9.1.tgz",
      "integrity": "sha1-TyNqY3Pa4FZqbUPhMmZ09QwpFJk=",
      "dev": true,
      "requires": {
        "deep-is": "^0.1.3",
        "fast-levenshtein": "^2.0.6",
        "levn": "^0.4.1",
        "prelude-ls": "^1.2.1",
        "type-check": "^0.4.0",
        "word-wrap": "^1.2.3"
      }
    },
    "parent-module": {
      "version": "1.0.1",
      "resolved": "http://npm.zmops.cc/parent-module/-/parent-module-1.0.1.tgz",
      "integrity": "sha1-aR0nCeeMefrjoVZiJFLQB2LKqqI=",
      "dev": true,
      "requires": {
        "callsites": "^3.0.0"
      }
    },
    "path-is-absolute": {
      "version": "1.0.1",
      "resolved": "http://npm.zmops.cc/path-is-absolute/-/path-is-absolute-1.0.1.tgz",
      "integrity": "sha1-F0uSaHNVNP+8es5r9TpanhtcX18=",
      "dev": true
    },
    "path-key": {
      "version": "3.1.1",
      "resolved": "http://npm.zmops.cc/path-key/-/path-key-3.1.1.tgz",
      "integrity": "sha1-WB9q3mWMu6ZaDTOA3ndTKVBU83U=",
      "dev": true
    },
    "path-parse": {
      "version": "1.0.6",
      "resolved": "http://npm.zmops.cc/path-parse/-/path-parse-1.0.6.tgz",
      "integrity": "sha1-1i27VnlAXXLEc37FhgDp3c8G0kw=",
      "dev": true
    },
    "prelude-ls": {
      "version": "1.2.1",
      "resolved": "http://npm.zmops.cc/prelude-ls/-/prelude-ls-1.2.1.tgz",
      "integrity": "sha1-3rxkidem5rDnYRiIzsiAM30xY5Y=",
      "dev": true
    },
    "progress": {
      "version": "2.0.3",
      "resolved": "http://npm.zmops.cc/progress/-/progress-2.0.3.tgz",
      "integrity": "sha1-foz42PW48jnBvGi+tOt4Vn1XLvg=",
      "dev": true
    },
    "promise-polyfill": {
      "version": "8.1.3",
      "resolved": "http://npm.zmops.cc/promise-polyfill/-/promise-polyfill-8.1.3.tgz",
      "integrity": "sha1-jJmzz1PzqRxoIm/9573oHX+QQRY="
    },
    "punycode": {
      "version": "2.1.1",
      "resolved": "http://npm.zmops.cc/punycode/-/punycode-2.1.1.tgz",
      "integrity": "sha1-tYsBCsQMIsVldhbI0sLALHv0eew=",
      "dev": true
    },
    "regexpp": {
      "version": "3.1.0",
      "resolved": "http://npm.zmops.cc/regexpp/-/regexpp-3.1.0.tgz",
      "integrity": "sha1-IG0K0KVkjP+9uK5GQ489xRyfeOI=",
      "dev": true
    },
    "require-from-string": {
      "version": "2.0.2",
      "resolved": "http://npm.zmops.cc/require-from-string/-/require-from-string-2.0.2.tgz",
      "integrity": "sha1-iaf92TgmEmcxjq/hT5wy5ZjDaQk=",
      "dev": true
    },
    "resolve": {
      "version": "1.19.0",
      "resolved": "http://npm.zmops.cc/resolve/-/resolve-1.19.0.tgz",
      "integrity": "sha1-GvW/YwQJc0oGfK4pMYqsf6KaJnw=",
      "dev": true,
      "requires": {
        "is-core-module": "^2.1.0",
        "path-parse": "^1.0.6"
      }
    },
    "resolve-from": {
      "version": "4.0.0",
      "resolved": "http://npm.zmops.cc/resolve-from/-/resolve-from-4.0.0.tgz",
      "integrity": "sha1-SrzYUq0y3Xuqv+m0DgCjbbXzkuY=",
      "dev": true
    },
    "rimraf": {
      "version": "3.0.2",
      "resolved": "http://npm.zmops.cc/rimraf/-/rimraf-3.0.2.tgz",
      "integrity": "sha1-8aVAK6YiCtUswSgrrBrjqkn9Bho=",
      "dev": true,
      "requires": {
        "glob": "^7.1.3"
      }
    },
    "semver": {
      "version": "7.3.4",
      "resolved": "http://npm.zmops.cc/semver/-/semver-7.3.4.tgz",
      "integrity": "sha1-J6qn0uTKdkUvmNOt0JOnLJQ+3Jc=",
      "dev": true,
      "requires": {
        "lru-cache": "^6.0.0"
      }
    },
    "shebang-command": {
      "version": "2.0.0",
      "resolved": "http://npm.zmops.cc/shebang-command/-/shebang-command-2.0.0.tgz",
      "integrity": "sha1-zNCvT4g1+9wmW4JGGq8MNmY/NOo=",
      "dev": true,
      "requires": {
        "shebang-regex": "^3.0.0"
      }
    },
    "shebang-regex": {
      "version": "3.0.0",
      "resolved": "http://npm.zmops.cc/shebang-regex/-/shebang-regex-3.0.0.tgz",
      "integrity": "sha1-rhbxZE2HPsrYQ7AwexQzYtTEIXI=",
      "dev": true
    },
    "slice-ansi": {
      "version": "4.0.0",
      "resolved": "http://npm.zmops.cc/slice-ansi/-/slice-ansi-4.0.0.tgz",
      "integrity": "sha1-UA6N0P1VsFgVCGJVsxla3ypF/ms=",
      "dev": true,
      "requires": {
        "ansi-styles": "^4.0.0",
        "astral-regex": "^2.0.0",
        "is-fullwidth-code-point": "^3.0.0"
      },
      "dependencies": {
        "ansi-styles": {
          "version": "4.3.0",
          "resolved": "http://npm.zmops.cc/ansi-styles/-/ansi-styles-4.3.0.tgz",
          "integrity": "sha1-7dgDYornHATIWuegkG7a00tkiTc=",
          "dev": true,
          "requires": {
            "color-convert": "^2.0.1"
          }
        },
        "color-convert": {
          "version": "2.0.1",
          "resolved": "http://npm.zmops.cc/color-convert/-/color-convert-2.0.1.tgz",
          "integrity": "sha1-ctOmjVmMm9s68q0ehPIdiWq9TeM=",
          "dev": true,
          "requires": {
            "color-name": "~1.1.4"
          }
        },
        "color-name": {
          "version": "1.1.4",
          "resolved": "http://npm.zmops.cc/color-name/-/color-name-1.1.4.tgz",
          "integrity": "sha1-wqCah6y95pVD3m9j+jmVyCbFNqI=",
          "dev": true
        }
      }
    },
    "source-map": {
      "version": "0.5.7",
      "resolved": "http://npm.zmops.cc/source-map/-/source-map-0.5.7.tgz",
      "integrity": "sha1-igOdLRAh0i0eoUyA2OpGi6LvP8w=",
      "dev": true
    },
    "sprintf-js": {
      "version": "1.0.3",
      "resolved": "http://npm.zmops.cc/sprintf-js/-/sprintf-js-1.0.3.tgz",
      "integrity": "sha1-BOaSb2YolTVPPdAVIDYzuFcpfiw=",
      "dev": true
    },
    "string-width": {
      "version": "4.2.0",
      "resolved": "http://npm.zmops.cc/string-width/-/string-width-4.2.0.tgz",
      "integrity": "sha1-lSGCxGzHssMT0VluYjmSvRY7crU=",
      "dev": true,
      "requires": {
        "emoji-regex": "^8.0.0",
        "is-fullwidth-code-point": "^3.0.0",
        "strip-ansi": "^6.0.0"
      }
    },
    "strip-ansi": {
      "version": "6.0.0",
      "resolved": "http://npm.zmops.cc/strip-ansi/-/strip-ansi-6.0.0.tgz",
      "integrity": "sha1-CxVx3XZpzNTz4G4U7x7tJiJa5TI=",
      "dev": true,
      "requires": {
        "ansi-regex": "^5.0.0"
      }
    },
    "strip-json-comments": {
      "version": "3.1.1",
      "resolved": "http://npm.zmops.cc/strip-json-comments/-/strip-json-comments-3.1.1.tgz",
      "integrity": "sha1-MfEoGzgyYwQ0gxwxDAHMzajL4AY=",
      "dev": true
    },
    "supports-color": {
      "version": "5.5.0",
      "resolved": "http://npm.zmops.cc/supports-color/-/supports-color-5.5.0.tgz",
      "integrity": "sha1-4uaaRKyHcveKHsCzW2id9lMO/I8=",
      "dev": true,
      "requires": {
        "has-flag": "^3.0.0"
      }
    },
    "table": {
      "version": "6.0.7",
      "resolved": "http://npm.zmops.cc/table/-/table-6.0.7.tgz",
      "integrity": "sha1-5FiX/7zBvPnoqHv0IPLJ5aelKjQ=",
      "dev": true,
      "requires": {
        "ajv": "^7.0.2",
        "lodash": "^4.17.20",
        "slice-ansi": "^4.0.0",
        "string-width": "^4.2.0"
      },
      "dependencies": {
        "ajv": {
          "version": "7.0.3",
          "resolved": "http://npm.zmops.cc/ajv/-/ajv-7.0.3.tgz",
          "integrity": "sha1-E650fv8SXK+yMKxQSyQGzzce7OI=",
          "dev": true,
          "requires": {
            "fast-deep-equal": "^3.1.1",
            "json-schema-traverse": "^1.0.0",
            "require-from-string": "^2.0.2",
            "uri-js": "^4.2.2"
          }
        },
        "json-schema-traverse": {
          "version": "1.0.0",
          "resolved": "http://npm.zmops.cc/json-schema-traverse/-/json-schema-traverse-1.0.0.tgz",
          "integrity": "sha1-rnvLNlard6c7pcSb9lTzjmtoYOI=",
          "dev": true
        }
      }
    },
    "text-table": {
      "version": "0.2.0",
      "resolved": "http://npm.zmops.cc/text-table/-/text-table-0.2.0.tgz",
      "integrity": "sha1-f17oI66AUgfACvLfSoTsP8+lcLQ=",
      "dev": true
    },
    "to-fast-properties": {
      "version": "2.0.0",
      "resolved": "http://npm.zmops.cc/to-fast-properties/-/to-fast-properties-2.0.0.tgz",
      "integrity": "sha1-3F5pjL0HkmW8c+A3doGk5Og/YW4=",
      "dev": true
    },
    "type-check": {
      "version": "0.4.0",
      "resolved": "http://npm.zmops.cc/type-check/-/type-check-0.4.0.tgz",
      "integrity": "sha1-B7ggO/pwVsBlcFDjzNLDdzC6uPE=",
      "dev": true,
      "requires": {
        "prelude-ls": "^1.2.1"
      }
    },
    "type-fest": {
      "version": "0.8.1",
      "resolved": "http://npm.zmops.cc/type-fest/-/type-fest-0.8.1.tgz",
      "integrity": "sha1-CeJJ696FHTseSNJ8EFREZn8XuD0=",
      "dev": true
    },
    "uri-js": {
      "version": "4.4.0",
      "resolved": "http://npm.zmops.cc/uri-js/-/uri-js-4.4.0.tgz",
      "integrity": "sha1-qnFCYd55PoqCNHp7zJznTobyhgI=",
      "dev": true,
      "requires": {
        "punycode": "^2.1.0"
      }
    },
    "url-toolkit": {
      "version": "2.2.1",
      "resolved": "http://npm.zmops.cc/url-toolkit/-/url-toolkit-2.2.1.tgz",
      "integrity": "sha1-iQCe09YqNXTeB5UypyZsFNLMHE8="
    },
    "v8-compile-cache": {
      "version": "2.2.0",
      "resolved": "http://npm.zmops.cc/v8-compile-cache/-/v8-compile-cache-2.2.0.tgz",
      "integrity": "sha1-lHHvo++RKNL3xqfKOcTda1BVsTI=",
      "dev": true
    },
    "webworkify": {
      "version": "1.5.0",
      "resolved": "http://npm.zmops.cc/webworkify/-/webworkify-1.5.0.tgz",
      "integrity": "sha1-c0rYendN5uvdVG4dPgJ9pbj0pCw="
    },
    "which": {
      "version": "2.0.2",
      "resolved": "http://npm.zmops.cc/which/-/which-2.0.2.tgz",
      "integrity": "sha1-fGqN0KY2oDJ+ELWckobu6T8/UbE=",
      "dev": true,
      "requires": {
        "isexe": "^2.0.0"
      }
    },
    "word-wrap": {
      "version": "1.2.3",
      "resolved": "http://npm.zmops.cc/word-wrap/-/word-wrap-1.2.3.tgz",
      "integrity": "sha1-YQY29rH3A4kb00dxzLF/uTtHB5w=",
      "dev": true
    },
    "wrappy": {
      "version": "1.0.2",
      "resolved": "http://npm.zmops.cc/wrappy/-/wrappy-1.0.2.tgz",
      "integrity": "sha1-tSQ9jz7BqjXxNkYFvA0QNuMKtp8=",
      "dev": true
    },
    "yallist": {
      "version": "4.0.0",
      "resolved": "http://npm.zmops.cc/yallist/-/yallist-4.0.0.tgz",
      "integrity": "sha1-m7knkNnA7/7GO+c1GeEaNQGaOnI=",
      "dev": true
    }
  }
}
